
Microsoft Visual Studio Solution File, Format Version 12.00
# Visual Studio Version 17
VisualStudioVersion = 17.11.35208.52
MinimumVisualStudioVersion = 10.0.40219.1
Project("{FAE04EC0-301F-11D3-BF4B-00C04F79EFBC}") = "netoter", "netoter\netoter.csproj", "{61B7EAE4-4673-4BEC-9636-48764A340621}"
EndProject
Global
	GlobalSection(SolutionConfigurationPlatforms) = preSolution
		Debug|Any CPU = Debug|Any CPU
		Release|Any CPU = Release|Any CPU
	EndGlobalSection
	GlobalSection(ProjectConfigurationPlatforms) = postSolution
		{61B7EAE4-4673-4BEC-9636-48764A340621}.Debug|Any CPU.ActiveCfg = Debug|Any CPU
		{61B7EAE4-4673-4BEC-9636-48764A340621}.Debug|Any CPU.Build.0 = Debug|Any CPU
		{61B7EAE4-4673-4BEC-9636-48764A340621}.Release|Any CPU.ActiveCfg = Release|Any CPU
		{61B7EAE4-4673-4BEC-9636-48764A340621}.Release|Any CPU.Build.0 = Release|Any CPU
	EndGlobalSection
	GlobalSection(SolutionProperties) = preSolution
		HideSolutionNode = FALSE
	EndGlobalSection
	GlobalSection(ExtensibilityGlobals) = postSolution
		SolutionGuid = {75DA725E-20A0-40EA-9C5C-3BA5FC9C7621}
	EndGlobalSection
EndGlobal
